{
  "name": "ytmusicrpc",
  "lockfileVersion": 3,
  "requires": true,
  "packages": {
    "": {
      "devDependencies": {
        "@types/tampermonkey": "^5.0.3"
      }
    },
    "node_modules/@types/tampermonkey": {
      "version": "5.0.3",
      "resolved": "https://registry.npmjs.org/@types/tampermonkey/-/tampermonkey-5.0.3.tgz",
      "integrity": "sha512-i8+x8ipoib8xAfho25oNTbILgrO665oxq5tNr3LvH5DaW5UOPsc88Fe1mTVTDwsux5LYOcd8Syb6q+s95x878Q==",
      "dev": true,
      "license": "MIT"
    }
  }
}
